
Microsoft Visual Studio Solution File, Format Version 12.00
# Visual Studio Version 17
VisualStudioVersion = 17.8.34601.278
MinimumVisualStudioVersion = 10.0.40219.1
Project("{FAE04EC0-301F-11D3-BF4B-00C04F79EFBC}") = "MRSTUW.Web", "MRSTUW\MRSTUW.Web.csproj", "{69E2AC6D-5301-4BD2-BACC-44DE3A92D6B9}"
EndProject
Project("{FAE04EC0-301F-11D3-BF4B-00C04F79EFBC}") = "MRSTUW.BusinessLogic", "MRSTUW.BusinessLogic\MRSTUW.BusinessLogic.csproj", "{BC963E2C-A534-4996-84EB-F452666E74B1}"
EndProject
Project("{FAE04EC0-301F-11D3-BF4B-00C04F79EFBC}") = "MRSTUW.Domain", "MRSTUW.Domain\MRSTUW.Domain.csproj", "{689AEB83-A874-480A-B38E-B880FCFA7265}"
EndProject
Project("{FAE04EC0-301F-11D3-BF4B-00C04F79EFBC}") = "MRSTUW.Helpers", "MRSTUW.Helpers\MRSTUW.Helpers.csproj", "{92BFF5DB-908F-4EDB-85DB-069A628317BF}"
EndProject
Global
	GlobalSection(SolutionConfigurationPlatforms) = preSolution
		Debug|Any CPU = Debug|Any CPU
		Release|Any CPU = Release|Any CPU
	EndGlobalSection
	GlobalSection(ProjectConfigurationPlatforms) = postSolution
		{69E2AC6D-5301-4BD2-BACC-44DE3A92D6B9}.Debug|Any CPU.ActiveCfg = Release|Any CPU
		{69E2AC6D-5301-4BD2-BACC-44DE3A92D6B9}.Debug|Any CPU.Build.0 = Release|Any CPU
		{69E2AC6D-5301-4BD2-BACC-44DE3A92D6B9}.Release|Any CPU.ActiveCfg = Release|Any CPU
		{69E2AC6D-5301-4BD2-BACC-44DE3A92D6B9}.Release|Any CPU.Build.0 = Release|Any CPU
		{BC963E2C-A534-4996-84EB-F452666E74B1}.Debug|Any CPU.ActiveCfg = Debug|Any CPU
		{BC963E2C-A534-4996-84EB-F452666E74B1}.Debug|Any CPU.Build.0 = Debug|Any CPU
		{BC963E2C-A534-4996-84EB-F452666E74B1}.Release|Any CPU.ActiveCfg = Release|Any CPU
		{BC963E2C-A534-4996-84EB-F452666E74B1}.Release|Any CPU.Build.0 = Release|Any CPU
		{689AEB83-A874-480A-B38E-B880FCFA7265}.Debug|Any CPU.ActiveCfg = Release|Any CPU
		{689AEB83-A874-480A-B38E-B880FCFA7265}.Debug|Any CPU.Build.0 = Release|Any CPU
		{689AEB83-A874-480A-B38E-B880FCFA7265}.Release|Any CPU.ActiveCfg = Release|Any CPU
		{689AEB83-A874-480A-B38E-B880FCFA7265}.Release|Any CPU.Build.0 = Release|Any CPU
		{92BFF5DB-908F-4EDB-85DB-069A628317BF}.Debug|Any CPU.ActiveCfg = Release|Any CPU
		{92BFF5DB-908F-4EDB-85DB-069A628317BF}.Debug|Any CPU.Build.0 = Release|Any CPU
		{92BFF5DB-908F-4EDB-85DB-069A628317BF}.Release|Any CPU.ActiveCfg = Release|Any CPU
		{92BFF5DB-908F-4EDB-85DB-069A628317BF}.Release|Any CPU.Build.0 = Release|Any CPU
	EndGlobalSection
	GlobalSection(SolutionProperties) = preSolution
		HideSolutionNode = FALSE
	EndGlobalSection
	GlobalSection(ExtensibilityGlobals) = postSolution
		SolutionGuid = {48BBB221-3AC7-4A19-9997-2F94F559DA59}
	EndGlobalSection
EndGlobal
